
Microsoft Visual Studio Solution File, Format Version 12.00
# Visual Studio 15
VisualStudioVersion = 15.0.28010.2046
MinimumVisualStudioVersion = 10.0.40219.1
Project("{FAE04EC0-301F-11D3-BF4B-00C04F79EFBC}") = "Nucleo", "Nucleo\Nucleo.csproj", "{3E988DDD-FD76-439B-BDE4-AFABA9793D61}"
EndProject
Project("{FAE04EC0-301F-11D3-BF4B-00C04F79EFBC}") = "Nucleo.MVC", "Nucleo.MVC\Nucleo.MVC.csproj", "{A4059E52-266A-41DD-9E25-ED9E1EF2EA50}"
EndProject
Global
	GlobalSection(SolutionConfigurationPlatforms) = preSolution
		Debug|Any CPU = Debug|Any CPU
		Release|Any CPU = Release|Any CPU
	EndGlobalSection
	GlobalSection(ProjectConfigurationPlatforms) = postSolution
		{3E988DDD-FD76-439B-BDE4-AFABA9793D61}.Debug|Any CPU.ActiveCfg = Debug|Any CPU
		{3E988DDD-FD76-439B-BDE4-AFABA9793D61}.Debug|Any CPU.Build.0 = Debug|Any CPU
		{3E988DDD-FD76-439B-BDE4-AFABA9793D61}.Release|Any CPU.ActiveCfg = Release|Any CPU
		{3E988DDD-FD76-439B-BDE4-AFABA9793D61}.Release|Any CPU.Build.0 = Release|Any CPU
		{A4059E52-266A-41DD-9E25-ED9E1EF2EA50}.Debug|Any CPU.ActiveCfg = Debug|Any CPU
		{A4059E52-266A-41DD-9E25-ED9E1EF2EA50}.Debug|Any CPU.Build.0 = Debug|Any CPU
		{A4059E52-266A-41DD-9E25-ED9E1EF2EA50}.Release|Any CPU.ActiveCfg = Release|Any CPU
		{A4059E52-266A-41DD-9E25-ED9E1EF2EA50}.Release|Any CPU.Build.0 = Release|Any CPU
	EndGlobalSection
	GlobalSection(SolutionProperties) = preSolution
		HideSolutionNode = FALSE
	EndGlobalSection
	GlobalSection(ExtensibilityGlobals) = postSolution
		SolutionGuid = {6AEE9C20-7609-4CC0-8C75-29B9AECCFF9E}
	EndGlobalSection
EndGlobal
